{
  "name": "hyperbolic-tiling",
  "version": "0.0.1",
  "lockfileVersion": 1,
  "requires": true,
  "dependencies": {
    "collections": {
      "version": "5.1.9",
      "resolved": "https://registry.npmjs.org/collections/-/collections-5.1.9.tgz",
      "integrity": "sha512-omsKk7VkxuYKsxKG9jdyNtqTVJXZuwLnK53lc7M7AW4cXKcEyK3F+4cfQFVOy4ivT+UWhJlvClrJI7qF2Ts6iA==",
      "requires": {
        "weak-map": "~1.0.x"
      }
    },
    "gl-matrix": {
      "version": "3.0.0",
      "resolved": "https://registry.npmjs.org/gl-matrix/-/gl-matrix-3.0.0.tgz",
      "integrity": "sha512-PD4mVH/C/Zs64kOozeFnKY8ybhgwxXXQYGWdB4h68krAHknWJgk9uKOn6z8YElh5//vs++90pb6csrTIDWnexA=="
    },
    "hyperboloid-model": {
      "version": "0.0.3",
      "resolved": "https://registry.npmjs.org/hyperboloid-model/-/hyperboloid-model-0.0.3.tgz",
      "integrity": "sha512-eVjxxBNsysGh65FxEYPbDTzFrBZ80KbPTOzr7xCyfbIGcy42eg8h4q7EECA2G7P8Nz2s79rPmSVDBiSm+LjuOA==",
      "requires": {
        "gl-matrix": "^3.0.0"
      }
    },
    "mod-op": {
      "version": "1.0.1",
      "resolved": "https://registry.npmjs.org/mod-op/-/mod-op-1.0.1.tgz",
      "integrity": "sha512-eV6s2+8XcN5WJQIGpd6HilEaxq7GhXEoyPjUTA5cva9hAbfjJHLYiry50FCmgVMWmk7xwlMzT9uBDcE94RgjJw=="
    },
    "weak-map": {
      "version": "1.0.5",
      "resolved": "https://registry.npmjs.org/weak-map/-/weak-map-1.0.5.tgz",
      "integrity": "sha1-eWkVhNmGB/UHC9O3CkDmuyLkAes="
    }
  }
}
